PODS:
  - Flutter (1.0.0)
  - mapp_sdk (0.0.12):
    - Flutter
    - MappSDK (= 6.1.0)
    - MappSDKGeotargeting (= 6.0.7)
    - MappSDKInapp (= 6.0.6.10)
  - MappSDK (6.1.0)
  - MappSDKGeotargeting (6.0.7):
    - MappSDK (~> 6.1.0)
  - MappSDKInapp (6.0.6.10)

DEPENDENCIES:
  - Flutter (from `Flutter`)
  - mapp_sdk (from `.symlinks/plugins/mapp_sdk/ios`)

SPEC REPOS:
  trunk:
    - MappSDK
    - MappSDKGeotargeting
    - MappSDKInapp

EXTERNAL SOURCES:
  Flutter:
    :path: Flutter
  mapp_sdk:
    :path: ".symlinks/plugins/mapp_sdk/ios"

SPEC CHECKSUMS:
  Flutter: cabc95a1d2626b1b06e7179b784ebcf0c0cde467
  mapp_sdk: ef461dc613c213fe9cb9645af5fc672af0be10c0
  MappSDK: d0b2e1cfe8689f16601170b370ee21cf7ef60146
  MappSDKGeotargeting: eb654ed6da1a4238c37473d3da32ff02ca4ad5d9
  MappSDKInapp: 22f4fc98c3c95824e77e1b6e15a67723e687038e

PODFILE CHECKSUM: 53026eaf67b63baa2e316e457f9701dbdf33f41a

COCOAPODS: 1.16.2
