PODS:
  - Flutter (1.0.0)
  - mapp_sdk (0.0.9):
    - Flutter
    - MappSDK (= 6.0.10)
    - MappSDKGeotargeting (= 6.0.5)
    - MappSDKInapp (= 6.0.6.10)
  - MappSDK (6.0.10)
  - MappSDKGeotargeting (6.0.5):
    - MappSDK (~> 6.0.0)
  - MappSDKInapp (6.0.6.10)

DEPENDENCIES:
  - Flutter (from `Flutter`)
  - mapp_sdk (from `.symlinks/plugins/mapp_sdk/ios`)

SPEC REPOS:
  trunk:
    - MappSDK
    - MappSDKGeotargeting
    - MappSDKInapp

EXTERNAL SOURCES:
  Flutter:
    :path: Flutter
  mapp_sdk:
    :path: ".symlinks/plugins/mapp_sdk/ios"

SPEC CHECKSUMS:
  Flutter: e0871f40cf51350855a761d2e70bf5af5b9b5de7
  mapp_sdk: f33cf1863afbd96c88427762845784ec08296a2b
  MappSDK: eb0946285ad4c1af366b483f7a5a11e52fb51448
  MappSDKGeotargeting: 7c42a2f919cea81357f6d11ec5a6bf727d0c7770
  MappSDKInapp: 22f4fc98c3c95824e77e1b6e15a67723e687038e

PODFILE CHECKSUM: 53026eaf67b63baa2e316e457f9701dbdf33f41a

COCOAPODS: 1.16.2
